
<<<<<<< HEAD
Microsoft Visual Studio Solution File, Format Version 12.00
# Visual Studio 2015
Project("{FAE04EC0-301F-11D3-BF4B-00C04F79EFBC}") = "jam2017", "jam2017.csproj", "{5A0F9FBD-FB5B-1085-2546-5533A9D16252}"
=======
<<<<<<< HEAD
Microsoft Visual Studio Solution File, Format Version 11.00
# Visual Studio 2010
Project("{FAE04EC0-301F-11D3-BF4B-00C04F79EFBC}") = "jam2017", "Assembly-CSharp.csproj", "{799060BC-89EC-F9D6-4C35-5B371076C376}"
=======
Microsoft Visual Studio Solution File, Format Version 12.00
# Visual Studio 2015
Project("{FAE04EC0-301F-11D3-BF4B-00C04F79EFBC}") = "jam2017.CSharp", "jam2017.CSharp.csproj", "{8F8982C0-3A82-1903-6969-5DFB3DB9B3E6}"
>>>>>>> 763dc188a37214774c75f604a1424590e774bf43
>>>>>>> e1c517972e2caa823cee7c956c6950c316d3fe29
EndProject
Global
	GlobalSection(SolutionConfigurationPlatforms) = preSolution
		Debug|Any CPU = Debug|Any CPU
		Release|Any CPU = Release|Any CPU
	EndGlobalSection
	GlobalSection(ProjectConfigurationPlatforms) = postSolution
<<<<<<< HEAD
		{5A0F9FBD-FB5B-1085-2546-5533A9D16252}.Debug|Any CPU.ActiveCfg = Debug|Any CPU
		{5A0F9FBD-FB5B-1085-2546-5533A9D16252}.Debug|Any CPU.Build.0 = Debug|Any CPU
		{5A0F9FBD-FB5B-1085-2546-5533A9D16252}.Release|Any CPU.ActiveCfg = Release|Any CPU
		{5A0F9FBD-FB5B-1085-2546-5533A9D16252}.Release|Any CPU.Build.0 = Release|Any CPU
=======
<<<<<<< HEAD
		{799060BC-89EC-F9D6-4C35-5B371076C376}.Debug|Any CPU.ActiveCfg = Debug|Any CPU
		{799060BC-89EC-F9D6-4C35-5B371076C376}.Debug|Any CPU.Build.0 = Debug|Any CPU
		{799060BC-89EC-F9D6-4C35-5B371076C376}.Release|Any CPU.ActiveCfg = Release|Any CPU
		{799060BC-89EC-F9D6-4C35-5B371076C376}.Release|Any CPU.Build.0 = Release|Any CPU
=======
		{8F8982C0-3A82-1903-6969-5DFB3DB9B3E6}.Debug|Any CPU.ActiveCfg = Debug|Any CPU
		{8F8982C0-3A82-1903-6969-5DFB3DB9B3E6}.Debug|Any CPU.Build.0 = Debug|Any CPU
		{8F8982C0-3A82-1903-6969-5DFB3DB9B3E6}.Release|Any CPU.ActiveCfg = Release|Any CPU
		{8F8982C0-3A82-1903-6969-5DFB3DB9B3E6}.Release|Any CPU.Build.0 = Release|Any CPU
>>>>>>> 763dc188a37214774c75f604a1424590e774bf43
>>>>>>> e1c517972e2caa823cee7c956c6950c316d3fe29
	EndGlobalSection
	GlobalSection(SolutionProperties) = preSolution
		HideSolutionNode = FALSE
	EndGlobalSection
<<<<<<< HEAD
=======
<<<<<<< HEAD
	GlobalSection(MonoDevelopProperties) = preSolution
		StartupItem = Assembly-CSharp.csproj
	EndGlobalSection	GlobalSection(MonoDevelopProperties) = preSolution
		StartupItem = Assembly-CSharp.csproj
	EndGlobalSection
=======
>>>>>>> 763dc188a37214774c75f604a1424590e774bf43
>>>>>>> e1c517972e2caa823cee7c956c6950c316d3fe29
EndGlobal
